
Microsoft Visual Studio Solution File, Format Version 12.00
# Visual Studio Version 17
VisualStudioVersion = 17.0.32014.148
MinimumVisualStudioVersion = 10.0.40219.1
Project("{9A19103F-16F7-4668-BE54-9A1E7A4F7556}") = "BlogSharpCodeAlongDmaWeb", "BlogSharpCodeAlongDmaWeb\BlogSharpCodeAlongDmaWeb.csproj", "{082DAD92-C5C7-4001-AD2A-FE3EC77A5D82}"
EndProject
Project("{FAE04EC0-301F-11D3-BF4B-00C04F79EFBC}") = "BlogSharpWebApi", "BlogSharpWebApi\BlogSharpWebApi.csproj", "{5E8AFE35-29C6-4C45-9F50-237E4ED86719}"
EndProject
Global
	GlobalSection(SolutionConfigurationPlatforms) = preSolution
		Debug|Any CPU = Debug|Any CPU
		Release|Any CPU = Release|Any CPU
	EndGlobalSection
	GlobalSection(ProjectConfigurationPlatforms) = postSolution
		{082DAD92-C5C7-4001-AD2A-FE3EC77A5D82}.Debug|Any CPU.ActiveCfg = Debug|Any CPU
		{082DAD92-C5C7-4001-AD2A-FE3EC77A5D82}.Debug|Any CPU.Build.0 = Debug|Any CPU
		{082DAD92-C5C7-4001-AD2A-FE3EC77A5D82}.Release|Any CPU.ActiveCfg = Release|Any CPU
		{082DAD92-C5C7-4001-AD2A-FE3EC77A5D82}.Release|Any CPU.Build.0 = Release|Any CPU
		{5E8AFE35-29C6-4C45-9F50-237E4ED86719}.Debug|Any CPU.ActiveCfg = Debug|Any CPU
		{5E8AFE35-29C6-4C45-9F50-237E4ED86719}.Debug|Any CPU.Build.0 = Debug|Any CPU
		{5E8AFE35-29C6-4C45-9F50-237E4ED86719}.Release|Any CPU.ActiveCfg = Release|Any CPU
		{5E8AFE35-29C6-4C45-9F50-237E4ED86719}.Release|Any CPU.Build.0 = Release|Any CPU
	EndGlobalSection
	GlobalSection(SolutionProperties) = preSolution
		HideSolutionNode = FALSE
	EndGlobalSection
	GlobalSection(ExtensibilityGlobals) = postSolution
		SolutionGuid = {B3E2DCF1-9C44-45B5-BE4F-D9EF87267332}
	EndGlobalSection
EndGlobal
